
Microsoft Visual Studio Solution File, Format Version 12.00
# Visual Studio 15
VisualStudioVersion = 15.0.26403.7
MinimumVisualStudioVersion = 10.0.40219.1
Project("{FAE04EC0-301F-11D3-BF4B-00C04F79EFBC}") = "EasyFlexibilityTool.Web", "EasyFlexibilityTool.Web\EasyFlexibilityTool.Web.csproj", "{A53EB97D-8135-41CF-B76C-F4CD32A38CDD}"
EndProject
Project("{FAE04EC0-301F-11D3-BF4B-00C04F79EFBC}") = "EasyFlexibilityTool.Data", "EasyFlexibilityTool.Data\EasyFlexibilityTool.Data.csproj", "{AAA74F09-05EB-4DCB-BE7A-29424E93FA10}"
EndProject
Project("{FAE04EC0-301F-11D3-BF4B-00C04F79EFBC}") = "EasyFlexibilityTool.Storage", "EasyFlexibilityTool.Storage\EasyFlexibilityTool.Storage.csproj", "{2953BADF-7016-49B3-8940-C96AB379B6FE}"
EndProject
Global
	GlobalSection(SolutionConfigurationPlatforms) = preSolution
		Debug|Any CPU = Debug|Any CPU
		Release|Any CPU = Release|Any CPU
	EndGlobalSection
	GlobalSection(ProjectConfigurationPlatforms) = postSolution
		{A53EB97D-8135-41CF-B76C-F4CD32A38CDD}.Debug|Any CPU.ActiveCfg = Debug|Any CPU
		{A53EB97D-8135-41CF-B76C-F4CD32A38CDD}.Debug|Any CPU.Build.0 = Debug|Any CPU
		{A53EB97D-8135-41CF-B76C-F4CD32A38CDD}.Release|Any CPU.ActiveCfg = Release|Any CPU
		{A53EB97D-8135-41CF-B76C-F4CD32A38CDD}.Release|Any CPU.Build.0 = Release|Any CPU
		{AAA74F09-05EB-4DCB-BE7A-29424E93FA10}.Debug|Any CPU.ActiveCfg = Debug|Any CPU
		{AAA74F09-05EB-4DCB-BE7A-29424E93FA10}.Debug|Any CPU.Build.0 = Debug|Any CPU
		{AAA74F09-05EB-4DCB-BE7A-29424E93FA10}.Release|Any CPU.ActiveCfg = Release|Any CPU
		{AAA74F09-05EB-4DCB-BE7A-29424E93FA10}.Release|Any CPU.Build.0 = Release|Any CPU
		{2953BADF-7016-49B3-8940-C96AB379B6FE}.Debug|Any CPU.ActiveCfg = Debug|Any CPU
		{2953BADF-7016-49B3-8940-C96AB379B6FE}.Debug|Any CPU.Build.0 = Debug|Any CPU
		{2953BADF-7016-49B3-8940-C96AB379B6FE}.Release|Any CPU.ActiveCfg = Release|Any CPU
		{2953BADF-7016-49B3-8940-C96AB379B6FE}.Release|Any CPU.Build.0 = Release|Any CPU
	EndGlobalSection
	GlobalSection(SolutionProperties) = preSolution
		HideSolutionNode = FALSE
	EndGlobalSection
EndGlobal
